# Generated by pub
# See https://dart.dev/tools/pub/glossary#lockfile
packages:
  async:
    dependency: "direct transitive"
    description:
      name: async
      sha256: "a2da5575855267781b4937a4e6045582b13217a4a905786f1e29f798e1041935"
      url: "https://pub.dev"
    source: hosted
    version: "2.11.0"
  boolean_selector:
    dependency: "direct transitive"
    description:
      name: boolean_selector
      sha256: "81e053a663e639358203362c459f3d611835703f393847844075191986420551"
      url: "https://pub.dev"
    source: hosted
    version: "2.1.1"
  cancellable_rpc:
    dependency: "direct transitive"
    description:
      name: cancellable_rpc
      sha256: "a0d9e8d4793f7756f5a3b95a8e329aa24d1a34d0b2f56b27e8d02e6462e787e6"
      url: "https://pub.dev"
    source: hosted
    version: "3.0.0"
  characters:
    dependency: "direct transitive"
    description:
      name: characters
      sha256: "6438e87a2e345e053c893d4da31922579d4b0059c23869269d10729be37974a3"
      url: "https://pub.dev"
    source: hosted
    version: "1.3.0"
  clock:
    dependency: "direct transitive"
    description:
      name: clock
      sha256: "6c2653226c1e59074095b597793b5a1f68153a7044033b002787a29a5a549646"
      url: "https://pub.dev"
    source: hosted
    version: "1.1.1"
  collection:
    dependency: "direct main"
    description:
      name: collection
      sha256: "06a7b633b0e1d52a2b378051933f749a2b8e39d73d9e033d45543c7d0d662138"
      url: "https://pub.dev"
    source: hosted
    version: "1.18.0"
  fake_async:
    dependency: "direct transitive"
    description:
      name: fake_async
      sha256: "8e3962d3a37233ea85f52478465b0980ca8c65f573c4155b1f9ac2ef74092b74"
      url: "https://pub.dev"
    source: hosted
    version: "1.3.1"
  ffi:
    dependency: "direct transitive"
    description:
      name: ffi
      sha256: "05a7690de850f862378de73322d765892e624b553c306d86b72a420b9913166d"
      url: "https://pub.dev"
    source: hosted
    version: "2.1.0"
  file:
    dependency: "direct transitive"
    description:
      name: file
      sha256: "41999e46a5996c561845199a038c1b9b5f9390234af6ac573f98a2c25ae97d9e"
      url: "https://pub.dev"
    source: hosted
    version: "7.0.0"
  fixnum:
    dependency: "direct transitive"
    description:
      name: fixnum
      sha256: "b62b75a6c708d6c97a5c5f1480087a6c7f4e91a5611f7e025afe351c24381273"
      url: "https://pub.dev"
    source: hosted
    version: "1.1.0"
  flutter:
    dependency: "direct main"
    description:
      name: flutter
      source: sdk
      version: "0.0.0"
  flutter_dotenv:
    dependency: "direct main"
    description:
      name: flutter_dotenv
      sha256: "b7c2b5c0fd66ef7a842fabd277d4c4f98b3b10d7a6e74656b69ce5b778d91c2b"
      url: "https://pub.dev"
    source: hosted
    version: "5.2.1"
  flutter_lints:
    dependency: "direct dev"
    description:
      name: flutter_lints
      sha256: "3f41d9a8e0f1772d1ffbcfb6e436be368d49f28f01e19d273752fd3975a6cceb"
      url: "https://pub.dev"
    source: hosted
    version: "4.0.0"
  flutter_map:
    dependency: "direct main"
    description:
      name: flutter_map
      sha256: "87cc38a8f1a5ccda00062a4b8df2fcc7374b664531475c742c300f8981600b3e"
      url: "https://pub.dev"
    source: hosted
    version: "6.1.0"
  flutter_map_cancellable_tile_provider:
    dependency: "direct main"
    description:
      name: flutter_map_cancellable_tile_provider
      sha256: "5d05374a275f3a02951b3cd96c66d2f3475960d70b4f0b2f15037d6e87f28789"
      url: "https://pub.dev"
    source: hosted
    version: "2.0.0"
  flutter_test:
    dependency: "direct dev"
    description:
      name: flutter_test
      source: sdk
      version: "0.0.0"
  flutter_tts:
    dependency: "direct main"
    description:
      name: flutter_tts
      sha256: "6df321c17290f65345759165b630e61d8a635848c278e9f50e82c5750800b70d"
      url: "https://pub.dev"
    source: hosted
    version: "3.8.5"
  flutter_web_plugins:
    dependency: "direct transitive"
    description:
      name: flutter_web_plugins
      source: sdk
      version: "0.0.0"
  geolocator:
    dependency: "direct main"
    description:
      name: geolocator
      sha256: "e403d61a38227b68a41060934f5ac17578b8a53e36e18f2679d71b8d657a7d43"
      url: "https://pub.dev"
    source: hosted
    version: "12.0.0"
  geolocator_android:
    dependency: "direct transitive"
    description:
      name: geolocator_android
      sha256: "0c034720e57f1837e3d1796d427d2c3df3196a603c6fe6b1424e4c27a9221192"
      url: "https://pub.dev"
    source: hosted
    version: "4.6.0"
  geolocator_apple:
    dependency: "direct transitive"
    description:
      name: geolocator_apple
      sha256: "1351187c3c563b7d19c96c46648833959c0bfd994348a27d6dbe69a0378b8712"
      url: "https://pub.dev"
    source: hosted
    version: "2.4.0"
  geolocator_platform_interface:
    dependency: "direct transitive"
    description:
      name: geolocator_platform_interface
      sha256: "721a329d4d9b07173e21e67c9b319808a287a2d4808ee371101994a5c90b64f3"
      url: "https://pub.dev"
    source: hosted
    version: "4.3.0"
  geolocator_web:
    dependency: "direct transitive"
    description:
      name: geolocator_web
      sha256: "f4007f354f5903b414b433367175510668b57732d8479e0a811c0f1673891461"
      url: "https://pub.dev"
    source: hosted
    version: "3.0.0"
  geolocator_windows:
    dependency: "direct transitive"
    description:
      name: geolocator_windows
      sha256: "6c9d81d24c29753c1555c2d3ca4aa9124409560f781a7a242d9972323a073f1d"
      url: "https://pub.dev"
    source: hosted
    version: "0.2.0"
  http:
    dependency: "direct main"
    description:
      name: http
      sha256: "d0439634f378051781b2a1a4a4d46f53412353399424855a02564243b9e4a3c2"
      url: "https://pub.dev"
    source: hosted
    version: "1.2.1"
  http_parser:
    dependency: "direct transitive"
    description:
      name: http_parser
      sha256: "a62a13de4c71e21b03d52489c68700ad2f0d9c4031e5323923f7956a8abe9c1b"
      url: "https://pub.dev"
    source: hosted
    version: "4.0.2"
  js:
    dependency: "direct transitive"
    description:
      name: js
      sha256: "52a5140660e51b5c46b9557a51bd20c5643444983086a347952e472251a2d1d0"
      url: "https://pub.dev"
    source: hosted
    version: "0.6.7"
  latlong2:
    dependency: "direct main"
    description:
      name: latlong2
      sha256: "eb67a32b35a78fa83818f0c3a2779836173c32b9044b7f941f173b98c56e355c"
      url: "https://pub.dev"
    source: hosted
    version: "0.9.1"
  lints:
    dependency: "direct transitive"
    description:
      name: lints
      sha256: "057d384c75ae417c8053702d7331908a8a487a0c1e6e0f2f3c7e7b688d60cde3"
      url: "https://pub.dev"
    source: hosted
    version: "4.0.0"
  matcher:
    dependency: "direct transitive"
    description:
      name: matcher
      sha256: "c32d4b993f1d1f05ad041afe56a12b9a7698d246c4f0b35ce675c2e0b19d424b"
      url: "https://pub.dev"
    source: hosted
    version: "0.12.16"
  material_color_utilities:
    dependency: "direct transitive"
    description:
      name: material_color_utilities
      sha256: "1b9e054359f429188031590432c695e6382029050d75a1768853b0a24683057e"
      url: "https://pub.dev"
    source: hosted
    version: "0.8.0"
  meta:
    dependency: "direct transitive"
    description:
      name: meta
      sha256: "06935f4a7741630138cb9499831c19b66236b2a0953a165b6b15a6b3252a1ac8"
      url: "https://pub.dev"
    source: hosted
    version: "1.11.0"
  path:
    dependency: "direct transitive"
    description:
      name: path
      sha256: "c55b6eb1960b731f730c14b14d2e5491136894bd9a572a15239e9432f6b8017c"
      url: "https://pub.dev"
    source: hosted
    version: "1.9.0"
  pedantic:
    dependency: "direct transitive"
    description:
      name: pedantic
      sha256: "c04302c3a504c553a06763a870d06584c599767f37e4a1a5b8207137b0196238"
      url: "https://pub.dev"
    source: hosted
    version: "1.11.1"
  plugin_platform_interface:
    dependency: "direct transitive"
    description:
      name: plugin_platform_interface
      sha256: "721a3c75d87a4128527a4dd425bf5b00c6d322c335e236319f3906a254c46f1b"
      url: "https://pub.dev"
    source: hosted
    version: "2.1.8"
  polylabel:
    dependency: "direct transitive"
    description:
      name: polylabel
      sha256: "8e78926955a85ca9525c342f2e5a60a7261ea775796c8a7732ba15f9b441f71c"
      url: "https://pub.dev"
    source: hosted
    version: "3.0.0"
  provider:
    dependency: "direct main"
    description:
      name: provider
      sha256: "d54238e55e378c7c7f3e5b323c65636087d3a241e57c86f0c765ce83711bf042"
      url: "https://pub.dev"
    source: hosted
    version: "6.1.2"
  source_span:
    dependency: "direct transitive"
    description:
      name: source_span
      sha256: "172b8471b80c3e669d0d3ce38171121d5565551394f71589d901620a2a3f78a7"
      url: "https://pub.dev"
    source: hosted
    version: "1.10.0"
  stack_trace:
    dependency: "direct transitive"
    description:
      name: stack_trace
      sha256: "40d6c400ad64c243c3f86e58f0f0741e523f269a21c17234c9f1311029c90443"
      url: "https://pub.dev"
    source: hosted
    version: "1.11.1"
  stream_channel:
    dependency: "direct transitive"
    description:
      name: stream_channel
      sha256: "527a1c97f4334dde42a49fcfc5b4e724b74f35b62e49c9527e02552803b9b005"
      url: "https://pub.dev"
    source: hosted
    version: "2.1.2"
  string_scanner:
    dependency: "direct transitive"
    description:
      name: string_scanner
      sha256: "688eac433e54b677a2846f48a14b7f8b9655d9d6fe784b06a4ac020e980f6848"
      url: "https://pub.dev"
    source: hosted
    version: "1.2.0"
  term_glyph:
    dependency: "direct transitive"
    description:
      name: term_glyph
      sha256: "7210e30d1b330e6284e3c54d19d19a16f8496417382d568a05c31278e348df82"
      url: "https://pub.dev"
    source: hosted
    version: "1.2.1"
  test_api:
    dependency: "direct transitive"
    description:
      name: test_api
      sha256: "49a1d1796d8f5333f20e4b85987116ad804344485e925b414f6b0f02008f3957"
      url: "https://pub.dev"
    source: hosted
    version: "0.6.1"
  typed_data:
    dependency: "direct transitive"
    description:
      name: typed_data
      sha256: "258273c524b07f9c2d7637854f3b067d2b40656a479e39434e363b9050d24330"
      url: "https://pub.dev"
    source: hosted
    version: "1.3.2"
  vector_graphics:
    dependency: "direct transitive"
    description:
      name: vector_graphics
      sha256: "a30364998797f5f3e4e67f794ebb85e2b02a96996d9333334c9f12d80d21e0eb"
      url: "https://pub.dev"
    source: hosted
    version: "1.1.11+1"
  vector_graphics_compiler:
    dependency: "direct transitive"
    description:
      name: vector_graphics_compiler
      sha256: "1e1141cb02796e6d1948e75e1104e76d91599553f4784a96e6d76e4c703ed896"
      url: "https://pub.dev"
    source: hosted
    version: "1.1.11+1"
  vector_graphics_codec:
    dependency: "direct transitive"
    description:
      name: vector_graphics_codec
      sha256: "46d84f4f7283626d214a1a511e64147321557d341a9957788e0b6b3e65595914"
      url: "https://pub.dev"
    source: hosted
    version: "1.1.11+1"
  vector_map_tiles:
    dependency: "direct main"
    description:
      name: vector_map_tiles
      sha256: "138e4a83857c0e8eb3104318de9021d7b0a70f3f6e1f0611e4006c4f3bd18501"
      url: "https://pub.dev"
    source: hosted
    version: "7.3.1"
  vector_math:
    dependency: "direct transitive"
    description:
      name: vector_math
      sha256: "527a0376263b65557713459c36294b34b7f839c0944065e8a554a9f7e8a3a0e6"
      url: "https://pub.dev"
    source: hosted
    version: "2.1.4"
  web:
    dependency: "direct transitive"
    description:
      name: web
      sha256: "d56ac228227b68bca3d3780373d34d9a2a9121d5a73e6b7d566371f5ce3f5313"
      url: "https://pub.dev"
    source: hosted
    version: "0.5.1"
  win32:
    dependency: "direct transitive"
    description:
      name: win32
      sha256: "765d78a8349479b1828771146816053351d1e672776c5963212c49b6e5d481f1"
      url: "https://pub.dev"
    source: hosted
    version: "5.5.0"
  xml:
    dependency: "direct transitive"
    description:
      name: xml
      sha256: "45c859d048d08775f0a256f082e5e1a3d60132a03cb151978248383a8b273b75"
      url: "https://pub.dev"
    source: hosted
    version: "6.5.0"
sdks:
  dart: ">=3.4.0 <4.0.0"
  flutter: ">=1.17.0"